# This file is @generated by PDM.
# It is not intended for manual editing.

[metadata]
groups = ["default", "dev"]
strategy = []
lock_version = "4.5.0"
content_hash = "sha256:427a3d00cc3b5003f1ce46d6b516aea0441963244d063c7f57b5837d9452a03e"

[[metadata.targets]]
requires_python = "==3.10.*"

[[package]]
name = "aiofiles"
version = "24.1.0"
summary = ""
files = [
    {file = "aiofiles-24.1.0-py3-none-any.whl", hash = "sha256:b4ec55f4195e3eb5d7abd1bf7e061763e864dd4954231fb8539a0ef8bb8260e5"},
    {file = "aiofiles-24.1.0.tar.gz", hash = "sha256:22a075c9e5a3810f0c2e48f3008c94d68c65d763b9b03857924c99e57355166c"},
]

[[package]]
name = "annotated-types"
version = "0.7.0"
summary = ""
files = [
    {file = "annotated_types-0.7.0-py3-none-any.whl", hash = "sha256:1f02e8b43a8fbbc3f3e0d4f0f4bfc8131bcb4eebe8849b8e5c773f3a1c582a53"},
    {file = "annotated_types-0.7.0.tar.gz", hash = "sha256:aff07c09a53a08bc8cfccb9c85b05f1aa9a2a6f23728d790723543408344ce89"},
]

[[package]]
name = "anyio"
version = "4.6.2.post1"
summary = ""
dependencies = [
    "exceptiongroup",
    "idna",
    "sniffio",
    "typing-extensions",
]
files = [
    {file = "anyio-4.6.2.post1-py3-none-any.whl", hash = "sha256:6d170c36fba3bdd840c73d3868c1e777e33676a69c3a72cf0a0d5d6d8009b61d"},
    {file = "anyio-4.6.2.post1.tar.gz", hash = "sha256:4c8bc31ccdb51c7f7bd251f51c609e038d63e34219b44aa86e47576389880b4c"},
]

[[package]]
name = "bilireq"
version = "0.2.13"
summary = ""
dependencies = [
    "grpcio",
    "httpx",
    "protobuf",
    "pycryptodome",
    "qrcode",
]
files = [
    {file = "bilireq-0.2.13-py3-none-any.whl", hash = "sha256:7f76f55bb4b8bd5eb7ba920271dcab46f3e0544d23f75b9bdc6c2c547ab1fdca"},
    {file = "bilireq-0.2.13.tar.gz", hash = "sha256:f36451d523d9c9564e32b97f38e0df030727dfeba97652ebc6669b47a24a6fa2"},
]

[[package]]
name = "certifi"
version = "2024.8.30"
summary = ""
files = [
    {file = "certifi-2024.8.30-py3-none-any.whl", hash = "sha256:922820b53db7a7257ffbda3f597266d435245903d80737e34f8a45ff3e3230d8"},
    {file = "certifi-2024.8.30.tar.gz", hash = "sha256:bec941d2aa8195e248a60b31ff9f0558284cf01a52591ceda73ea9afffd69fd9"},
]

[[package]]
name = "click"
version = "8.1.7"
summary = ""
dependencies = [
    "colorama; platform_system == \"Windows\"",
]
files = [
    {file = "click-8.1.7-py3-none-any.whl", hash = "sha256:ae74fb96c20a0277a1d615f1e4d73c8414f5a98db8b799a7931d1582f3390c28"},
    {file = "click-8.1.7.tar.gz", hash = "sha256:ca9853ad459e787e2192211578cc907e7594e294c7ccc834310722b41b9ca6de"},
]

[[package]]
name = "colorama"
version = "0.4.6"
summary = ""
files = [
    {file = "colorama-0.4.6-py2.py3-none-any.whl", hash = "sha256:4f1d9991f5acc0ca119f9d443620b77f9d6b33703e51011c16baf57afb285fc6"},
    {file = "colorama-0.4.6.tar.gz", hash = "sha256:08695f5cb7ed6e0531a20572697297273c47b8cae5a63ffc6d6ed5c201be6e44"},
]

[[package]]
name = "exceptiongroup"
version = "1.2.2"
summary = ""
files = [
    {file = "exceptiongroup-1.2.2-py3-none-any.whl", hash = "sha256:3111b9d131c238bec2f8f516e123e14ba243563fb135d3fe885990585aa7795b"},
    {file = "exceptiongroup-1.2.2.tar.gz", hash = "sha256:47c2edf7c6738fafb49fd34290706d1a1a2f4d1c6df275526b62cbb4aa5393cc"},
]

[[package]]
name = "fastapi"
version = "0.115.5"
summary = ""
dependencies = [
    "pydantic",
    "starlette",
    "typing-extensions",
]
files = [
    {file = "fastapi-0.115.5-py3-none-any.whl", hash = "sha256:596b95adbe1474da47049e802f9a65ab2ffa9c2b07e7efee70eb8a66c9f2f796"},
    {file = "fastapi-0.115.5.tar.gz", hash = "sha256:0e7a4d0dc0d01c68df21887cce0945e72d3c48b9f4f79dfe7a7d53aa08fbb289"},
]

[[package]]
name = "greenlet"
version = "3.1.1"
summary = ""
files = [
    {file = "greenlet-3.1.1-cp310-cp310-macosx_11_0_universal2.whl", hash = "sha256:0bbae94a29c9e5c7e4a2b7f0aae5c17e8e90acbfd3bf6270eeba60c39fce3563"},
    {file = "greenlet-3.1.1-cp310-cp310-manylinux_2_17_aarch64.manylinux2014_aarch64.whl", hash = "sha256:0fde093fb93f35ca72a556cf72c92ea3ebfda3d79fc35bb19fbe685853869a83"},
    {file = "greenlet-3.1.1-cp310-cp310-manylinux_2_17_ppc64le.manylinux2014_ppc64le.whl", hash = "sha256:36b89d13c49216cadb828db8dfa6ce86bbbc476a82d3a6c397f0efae0525bdd0"},
    {file = "greenlet-3.1.1-cp310-cp310-manylinux_2_17_s390x.manylinux2014_s390x.whl", hash = "sha256:94b6150a85e1b33b40b1464a3f9988dcc5251d6ed06842abff82e42632fac120"},
    {file = "greenlet-3.1.1-cp310-cp310-manylinux_2_17_x86_64.manylinux2014_x86_64.whl", hash = "sha256:93147c513fac16385d1036b7e5b102c7fbbdb163d556b791f0f11eada7ba65dc"},
    {file = "greenlet-3.1.1-cp310-cp310-manylinux_2_24_x86_64.manylinux_2_28_x86_64.whl", hash = "sha256:da7a9bff22ce038e19bf62c4dd1ec8391062878710ded0a845bcf47cc0200617"},
    {file = "greenlet-3.1.1-cp310-cp310-musllinux_1_1_aarch64.whl", hash = "sha256:b2795058c23988728eec1f36a4e5e4ebad22f8320c85f3587b539b9ac84128d7"},
    {file = "greenlet-3.1.1-cp310-cp310-musllinux_1_1_x86_64.whl", hash = "sha256:ed10eac5830befbdd0c32f83e8aa6288361597550ba669b04c48f0f9a2c843c6"},
    {file = "greenlet-3.1.1-cp310-cp310-win_amd64.whl", hash = "sha256:77c386de38a60d1dfb8e55b8c1101d68c79dfdd25c7095d51fec2dd800892b80"},
    {file = "greenlet-3.1.1.tar.gz", hash = "sha256:4ce3ac6cdb6adf7946475d7ef31777c26d94bccc377e070a7986bd2d5c515467"},
]

[[package]]
name = "grpcio"
version = "1.68.0"
summary = ""
files = [
    {file = "grpcio-1.68.0-cp310-cp310-linux_armv7l.whl", hash = "sha256:619b5d0f29f4f5351440e9343224c3e19912c21aeda44e0c49d0d147a8d01544"},
    {file = "grpcio-1.68.0-cp310-cp310-macosx_12_0_universal2.whl", hash = "sha256:a59f5822f9459bed098ffbceb2713abbf7c6fd13f2b9243461da5c338d0cd6c3"},
    {file = "grpcio-1.68.0-cp310-cp310-manylinux_2_17_aarch64.whl", hash = "sha256:c03d89df516128febc5a7e760d675b478ba25802447624edf7aa13b1e7b11e2a"},
    {file = "grpcio-1.68.0-cp310-cp310-manylinux_2_17_i686.manylinux2014_i686.whl", hash = "sha256:44bcbebb24363d587472089b89e2ea0ab2e2b4df0e4856ba4c0b087c82412121"},
    {file = "grpcio-1.68.0-cp310-cp310-manylinux_2_17_x86_64.manylinux2014_x86_64.whl", hash = "sha256:79f81b7fbfb136247b70465bd836fa1733043fdee539cd6031cb499e9608a110"},
    {file = "grpcio-1.68.0-cp310-cp310-musllinux_1_1_i686.whl", hash = "sha256:88fb2925789cfe6daa20900260ef0a1d0a61283dfb2d2fffe6194396a354c618"},
    {file = "grpcio-1.68.0-cp310-cp310-musllinux_1_1_x86_64.whl", hash = "sha256:99f06232b5c9138593ae6f2e355054318717d32a9c09cdc5a2885540835067a1"},
    {file = "grpcio-1.68.0-cp310-cp310-win32.whl", hash = "sha256:a6213d2f7a22c3c30a479fb5e249b6b7e648e17f364598ff64d08a5136fe488b"},
    {file = "grpcio-1.68.0-cp310-cp310-win_amd64.whl", hash = "sha256:15327ab81131ef9b94cb9f45b5bd98803a179c7c61205c8c0ac9aff9d6c4e82a"},
    {file = "grpcio-1.68.0.tar.gz", hash = "sha256:7e7483d39b4a4fddb9906671e9ea21aaad4f031cdfc349fec76bdfa1e404543a"},
]

[[package]]
name = "h11"
version = "0.14.0"
summary = ""
files = [
    {file = "h11-0.14.0-py3-none-any.whl", hash = "sha256:e3fe4ac4b851c468cc8363d500db52c2ead036020723024a109d37346efaa761"},
    {file = "h11-0.14.0.tar.gz", hash = "sha256:8f19fbbe99e72420ff35c00b27a34cb9937e902a8b810e2c88300c6f0a3b699d"},
]

[[package]]
name = "httpcore"
version = "1.0.6"
summary = ""
dependencies = [
    "certifi",
    "h11",
]
files = [
    {file = "httpcore-1.0.6-py3-none-any.whl", hash = "sha256:27b59625743b85577a8c0e10e55b50b5368a4f2cfe8cc7bcfa9cf00829c2682f"},
    {file = "httpcore-1.0.6.tar.gz", hash = "sha256:73f6dbd6eb8c21bbf7ef8efad555481853f5f6acdeaff1edb0694289269ee17f"},
]

[[package]]
name = "httptools"
version = "0.6.4"
summary = ""
files = [
    {file = "httptools-0.6.4-cp310-cp310-macosx_10_9_universal2.whl", hash = "sha256:3c73ce323711a6ffb0d247dcd5a550b8babf0f757e86a52558fe5b86d6fefcc0"},
    {file = "httptools-0.6.4-cp310-cp310-macosx_11_0_arm64.whl", hash = "sha256:345c288418f0944a6fe67be8e6afa9262b18c7626c3ef3c28adc5eabc06a68da"},
    {file = "httptools-0.6.4-cp310-cp310-manylinux_2_17_aarch64.manylinux2014_aarch64.whl", hash = "sha256:deee0e3343f98ee8047e9f4c5bc7cedbf69f5734454a94c38ee829fb2d5fa3c1"},
    {file = "httptools-0.6.4-cp310-cp310-manylinux_2_5_x86_64.manylinux1_x86_64.manylinux_2_17_x86_64.manylinux2014_x86_64.whl", hash = "sha256:ca80b7485c76f768a3bc83ea58373f8db7b015551117375e4918e2aa77ea9b50"},
    {file = "httptools-0.6.4-cp310-cp310-musllinux_1_2_aarch64.whl", hash = "sha256:90d96a385fa941283ebd231464045187a31ad932ebfa541be8edf5b3c2328959"},
    {file = "httptools-0.6.4-cp310-cp310-musllinux_1_2_x86_64.whl", hash = "sha256:59e724f8b332319e2875efd360e61ac07f33b492889284a3e05e6d13746876f4"},
    {file = "httptools-0.6.4-cp310-cp310-win_amd64.whl", hash = "sha256:c26f313951f6e26147833fc923f78f95604bbec812a43e5ee37f26dc9e5a686c"},
    {file = "httptools-0.6.4.tar.gz", hash = "sha256:4e93eee4add6493b59a5c514da98c939b244fce4a0d8879cd3f466562f4b7d5c"},
]

[[package]]
name = "httpx"
version = "0.27.2"
summary = ""
dependencies = [
    "anyio",
    "certifi",
    "httpcore",
    "idna",
    "sniffio",
]
files = [
    {file = "httpx-0.27.2-py3-none-any.whl", hash = "sha256:7bb2708e112d8fdd7829cd4243970f0c223274051cb35ee80c03301ee29a3df0"},
    {file = "httpx-0.27.2.tar.gz", hash = "sha256:f7c2be1d2f3c3c3160d441802406b206c2b76f5947b11115e6df10c6c65e66c2"},
]

[[package]]
name = "idna"
version = "3.10"
summary = ""
files = [
    {file = "idna-3.10-py3-none-any.whl", hash = "sha256:946d195a0d259cbba61165e88e65941f16e9b36ea6ddb97f00452bae8b1287d3"},
    {file = "idna-3.10.tar.gz", hash = "sha256:12f65c9b470abda6dc35cf8e63cc574b1c52b11df2c86030af0ac09b01b13ea9"},
]

[[package]]
name = "jinja2"
version = "3.1.4"
summary = ""
dependencies = [
    "markupsafe",
]
files = [
    {file = "jinja2-3.1.4-py3-none-any.whl", hash = "sha256:bc5dd2abb727a5319567b7a813e6a2e7318c39f4f487cfe6c89c6f9c7d25197d"},
    {file = "jinja2-3.1.4.tar.gz", hash = "sha256:4a3aee7acbbe7303aede8e9648d13b8bf88a429282aa6122a993f0ac800cb369"},
]

[[package]]
name = "loguru"
version = "0.7.2"
summary = ""
dependencies = [
    "colorama; sys_platform == \"win32\"",
    "win32-setctime; sys_platform == \"win32\"",
]
files = [
    {file = "loguru-0.7.2-py3-none-any.whl", hash = "sha256:003d71e3d3ed35f0f8984898359d65b79e5b21943f78af86aa5491210429b8eb"},
    {file = "loguru-0.7.2.tar.gz", hash = "sha256:e671a53522515f34fd406340ee968cb9ecafbc4b36c679da03c18fd8d0bd51ac"},
]

[[package]]
name = "markdown"
version = "3.7"
summary = ""
files = [
    {file = "Markdown-3.7-py3-none-any.whl", hash = "sha256:7eb6df5690b81a1d7942992c97fad2938e956e79df20cbc6186e9c3a77b1c803"},
    {file = "markdown-3.7.tar.gz", hash = "sha256:2ae2471477cfd02dbbf038d5d9bc226d40def84b4fe2986e49b59b6b472bbed2"},
]

[[package]]
name = "markupsafe"
version = "3.0.2"
summary = ""
files = [
    {file = "MarkupSafe-3.0.2-cp310-cp310-macosx_10_9_universal2.whl", hash = "sha256:7e94c425039cde14257288fd61dcfb01963e658efbc0ff54f5306b06054700f8"},
    {file = "MarkupSafe-3.0.2-cp310-cp310-macosx_11_0_arm64.whl", hash = "sha256:9e2d922824181480953426608b81967de705c3cef4d1af983af849d7bd619158"},
    {file = "MarkupSafe-3.0.2-cp310-cp310-manylinux_2_17_aarch64.manylinux2014_aarch64.whl", hash = "sha256:38a9ef736c01fccdd6600705b09dc574584b89bea478200c5fbf112a6b0d5579"},
    {file = "MarkupSafe-3.0.2-cp310-cp310-manylinux_2_17_x86_64.manylinux2014_x86_64.whl", hash = "sha256:bbcb445fa71794da8f178f0f6d66789a28d7319071af7a496d4d507ed566270d"},
    {file = "MarkupSafe-3.0.2-cp310-cp310-manylinux_2_5_i686.manylinux1_i686.manylinux_2_17_i686.manylinux2014_i686.whl", hash = "sha256:57cb5a3cf367aeb1d316576250f65edec5bb3be939e9247ae594b4bcbc317dfb"},
    {file = "MarkupSafe-3.0.2-cp310-cp310-musllinux_1_2_aarch64.whl", hash = "sha256:3809ede931876f5b2ec92eef964286840ed3540dadf803dd570c3b7e13141a3b"},
    {file = "MarkupSafe-3.0.2-cp310-cp310-musllinux_1_2_i686.whl", hash = "sha256:e07c3764494e3776c602c1e78e298937c3315ccc9043ead7e685b7f2b8d47b3c"},
    {file = "MarkupSafe-3.0.2-cp310-cp310-musllinux_1_2_x86_64.whl", hash = "sha256:b424c77b206d63d500bcb69fa55ed8d0e6a3774056bdc4839fc9298a7edca171"},
    {file = "MarkupSafe-3.0.2-cp310-cp310-win32.whl", hash = "sha256:fcabf5ff6eea076f859677f5f0b6b5c1a51e70a376b0579e0eadef8db48c6b50"},
    {file = "MarkupSafe-3.0.2-cp310-cp310-win_amd64.whl", hash = "sha256:6af100e168aa82a50e186c82875a5893c5597a0c1ccdb0d8b40240b1f28b969a"},
    {file = "markupsafe-3.0.2.tar.gz", hash = "sha256:ee55d3edf80167e48ea11a923c7386f4669df67d7994554387f84e7d8b0a2bf0"},
]

[[package]]
name = "multidict"
version = "6.1.0"
summary = ""
dependencies = [
    "typing-extensions",
]
files = [
    {file = "multidict-6.1.0-cp310-cp310-macosx_10_9_universal2.whl", hash = "sha256:3380252550e372e8511d49481bd836264c009adb826b23fefcc5dd3c69692f60"},
    {file = "multidict-6.1.0-cp310-cp310-macosx_10_9_x86_64.whl", hash = "sha256:99f826cbf970077383d7de805c0681799491cb939c25450b9b5b3ced03ca99f1"},
    {file = "multidict-6.1.0-cp310-cp310-macosx_11_0_arm64.whl", hash = "sha256:a114d03b938376557927ab23f1e950827c3b893ccb94b62fd95d430fd0e5cf53"},
    {file = "multidict-6.1.0-cp310-cp310-manylinux_2_17_aarch64.manylinux2014_aarch64.whl", hash = "sha256:b1c416351ee6271b2f49b56ad7f308072f6f44b37118d69c2cad94f3fa8a40d5"},
    {file = "multidict-6.1.0-cp310-cp310-manylinux_2_17_ppc64le.manylinux2014_ppc64le.whl", hash = "sha256:6b5d83030255983181005e6cfbac1617ce9746b219bc2aad52201ad121226581"},
    {file = "multidict-6.1.0-cp310-cp310-manylinux_2_17_s390x.manylinux2014_s390x.whl", hash = "sha256:3e97b5e938051226dc025ec80980c285b053ffb1e25a3db2a3aa3bc046bf7f56"},
    {file = "multidict-6.1.0-cp310-cp310-manylinux_2_17_x86_64.manylinux2014_x86_64.whl", hash = "sha256:d618649d4e70ac6efcbba75be98b26ef5078faad23592f9b51ca492953012429"},
    {file = "multidict-6.1.0-cp310-cp310-manylinux_2_5_i686.manylinux1_i686.manylinux_2_17_i686.manylinux2014_i686.whl", hash = "sha256:10524ebd769727ac77ef2278390fb0068d83f3acb7773792a5080f2b0abf7748"},
    {file = "multidict-6.1.0-cp310-cp310-musllinux_1_2_aarch64.whl", hash = "sha256:ff3827aef427c89a25cc96ded1759271a93603aba9fb977a6d264648ebf989db"},
    {file = "multidict-6.1.0-cp310-cp310-musllinux_1_2_i686.whl", hash = "sha256:06809f4f0f7ab7ea2cabf9caca7d79c22c0758b58a71f9d32943ae13c7ace056"},
    {file = "multidict-6.1.0-cp310-cp310-musllinux_1_2_ppc64le.whl", hash = "sha256:f179dee3b863ab1c59580ff60f9d99f632f34ccb38bf67a33ec6b3ecadd0fd76"},
    {file = "multidict-6.1.0-cp310-cp310-musllinux_1_2_s390x.whl", hash = "sha256:aaed8b0562be4a0876ee3b6946f6869b7bcdb571a5d1496683505944e268b160"},
    {file = "multidict-6.1.0-cp310-cp310-musllinux_1_2_x86_64.whl", hash = "sha256:3c8b88a2ccf5493b6c8da9076fb151ba106960a2df90c2633f342f120751a9e7"},
    {file = "multidict-6.1.0-cp310-cp310-win32.whl", hash = "sha256:4a9cb68166a34117d6646c0023c7b759bf197bee5ad4272f420a0141d7eb03a0"},
    {file = "multidict-6.1.0-cp310-cp310-win_amd64.whl", hash = "sha256:20b9b5fbe0b88d0bdef2012ef7dee867f874b72528cf1d08f1d59b0e3850129d"},
    {file = "multidict-6.1.0-py3-none-any.whl", hash = "sha256:48e171e52d1c4d33888e529b999e5900356b9ae588c2f09a52dcefb158b27506"},
    {file = "multidict-6.1.0.tar.gz", hash = "sha256:22ae2ebf9b0c69d206c003e2f6a914ea33f0a932d4aa16f236afc049d9958f4a"},
]

[[package]]
name = "nonebot-plugin-htmlrender"
version = "0.4.0"
summary = ""
dependencies = [
    "aiofiles",
    "jinja2",
    "markdown",
    "nonebot2",
    "playwright",
    "pygments",
    "pymdown-extensions",
    "python-markdown-math",
]
files = [
    {file = "nonebot_plugin_htmlrender-0.4.0-py3-none-any.whl", hash = "sha256:abf94025c93b7918acf8b1d5d353a6ba40368323d793cb4bde43ae9d5ce6256e"},
    {file = "nonebot_plugin_htmlrender-0.4.0.tar.gz", hash = "sha256:a5827039993eba05c90e26e03f42e0d230a180b201a5d509d81ab22c690395e6"},
]

[[package]]
name = "nonebot2"
version = "2.4.0"
summary = ""
dependencies = [
    "anyio",
    "exceptiongroup",
    "loguru",
    "pydantic",
    "pygtrie",
    "python-dotenv",
    "tomli",
    "typing-extensions",
    "yarl",
]
files = [
    {file = "nonebot2-2.4.0-py3-none-any.whl", hash = "sha256:7c712e05561afa4795c9135a5b27a43d076220f4538ffec518e68c344e3e51d4"},
    {file = "nonebot2-2.4.0.tar.gz", hash = "sha256:4b10e33d389847500c9bde9ef3c5533b604a90ca1529750245f1aaf82b28f1e1"},
]

[[package]]
name = "nonebot2"
version = "2.4.0"
extras = ["fastapi"]
summary = ""
dependencies = [
    "fastapi",
    "nonebot2==2.4.0",
    "uvicorn",
]
files = [
    {file = "nonebot2-2.4.0-py3-none-any.whl", hash = "sha256:7c712e05561afa4795c9135a5b27a43d076220f4538ffec518e68c344e3e51d4"},
    {file = "nonebot2-2.4.0.tar.gz", hash = "sha256:4b10e33d389847500c9bde9ef3c5533b604a90ca1529750245f1aaf82b28f1e1"},
]

[[package]]
name = "playwright"
version = "1.48.0"
summary = ""
dependencies = [
    "greenlet",
    "pyee",
]
files = [
    {file = "playwright-1.48.0-py3-none-macosx_10_13_x86_64.whl", hash = "sha256:082bce2739f1078acc7d0734da8cc0e23eb91b7fae553f3316d733276f09a6b1"},
    {file = "playwright-1.48.0-py3-none-macosx_11_0_arm64.whl", hash = "sha256:7da2eb51a19c7f3b523e9faa9d98e7af92e52eb983a099979ea79c9668e3cbf7"},
    {file = "playwright-1.48.0-py3-none-macosx_11_0_universal2.whl", hash = "sha256:115b988d1da322358b77bc3bf2d3cc90f8c881e691461538e7df91614c4833c9"},
    {file = "playwright-1.48.0-py3-none-manylinux1_x86_64.whl", hash = "sha256:8dabb80e62f667fe2640a8b694e26a7b884c0b4803f7514a3954fc849126227b"},
    {file = "playwright-1.48.0-py3-none-manylinux_2_17_aarch64.manylinux2014_aarch64.whl", hash = "sha256:8ff8303409ebed76bed4c3d655340320b768817d900ba208b394fdd7d7939a5c"},
    {file = "playwright-1.48.0-py3-none-win32.whl", hash = "sha256:85598c360c590076d4f435525be991246d74a905b654ac19d26eab7ed9b98b2d"},
    {file = "playwright-1.48.0-py3-none-win_amd64.whl", hash = "sha256:e0e87b0c4dc8fce83c725dd851aec37bc4e882bb225ec8a96bd83cf32d4f1623"},
]

[[package]]
name = "propcache"
version = "0.2.0"
summary = ""
files = [
    {file = "propcache-0.2.0-cp310-cp310-macosx_10_9_universal2.whl", hash = "sha256:c5869b8fd70b81835a6f187c5fdbe67917a04d7e52b6e7cc4e5fe39d55c39d58"},
    {file = "propcache-0.2.0-cp310-cp310-macosx_10_9_x86_64.whl", hash = "sha256:952e0d9d07609d9c5be361f33b0d6d650cd2bae393aabb11d9b719364521984b"},
    {file = "propcache-0.2.0-cp310-cp310-macosx_11_0_arm64.whl", hash = "sha256:33ac8f098df0585c0b53009f039dfd913b38c1d2edafed0cedcc0c32a05aa110"},
    {file = "propcache-0.2.0-cp310-cp310-manylinux_2_17_aarch64.manylinux2014_aarch64.whl", hash = "sha256:97e48e8875e6c13909c800fa344cd54cc4b2b0db1d5f911f840458a500fde2c2"},
    {file = "propcache-0.2.0-cp310-cp310-manylinux_2_17_ppc64le.manylinux2014_ppc64le.whl", hash = "sha256:388f3217649d6d59292b722d940d4d2e1e6a7003259eb835724092a1cca0203a"},
    {file = "propcache-0.2.0-cp310-cp310-manylinux_2_17_s390x.manylinux2014_s390x.whl", hash = "sha256:f571aea50ba5623c308aa146eb650eebf7dbe0fd8c5d946e28343cb3b5aad577"},
    {file = "propcache-0.2.0-cp310-cp310-manylinux_2_17_x86_64.manylinux2014_x86_64.whl", hash = "sha256:3dfafb44f7bb35c0c06eda6b2ab4bfd58f02729e7c4045e179f9a861b07c9850"},
    {file = "propcache-0.2.0-cp310-cp310-manylinux_2_5_i686.manylinux1_i686.manylinux_2_17_i686.manylinux2014_i686.whl", hash = "sha256:a3ebe9a75be7ab0b7da2464a77bb27febcb4fab46a34f9288f39d74833db7f61"},
    {file = "propcache-0.2.0-cp310-cp310-musllinux_1_2_aarch64.whl", hash = "sha256:d2f0d0f976985f85dfb5f3d685697ef769faa6b71993b46b295cdbbd6be8cc37"},
    {file = "propcache-0.2.0-cp310-cp310-musllinux_1_2_armv7l.whl", hash = "sha256:a3dc1a4b165283bd865e8f8cb5f0c64c05001e0718ed06250d8cac9bec115b48"},
    {file = "propcache-0.2.0-cp310-cp310-musllinux_1_2_i686.whl", hash = "sha256:9e0f07b42d2a50c7dd2d8675d50f7343d998c64008f1da5fef888396b7f84630"},
    {file = "propcache-0.2.0-cp310-cp310-musllinux_1_2_ppc64le.whl", hash = "sha256:e63e3e1e0271f374ed489ff5ee73d4b6e7c60710e1f76af5f0e1a6117cd26394"},
    {file = "propcache-0.2.0-cp310-cp310-musllinux_1_2_s390x.whl", hash = "sha256:56bb5c98f058a41bb58eead194b4db8c05b088c93d94d5161728515bd52b052b"},
    {file = "propcache-0.2.0-cp310-cp310-musllinux_1_2_x86_64.whl", hash = "sha256:7665f04d0c7f26ff8bb534e1c65068409bf4687aa2534faf7104d7182debb336"},
    {file = "propcache-0.2.0-cp310-cp310-win32.whl", hash = "sha256:7cf18abf9764746b9c8704774d8b06714bcb0a63641518a3a89c7f85cc02c2ad"},
    {file = "propcache-0.2.0-cp310-cp310-win_amd64.whl", hash = "sha256:cfac69017ef97db2438efb854edf24f5a29fd09a536ff3a992b75990720cdc99"},
    {file = "propcache-0.2.0-py3-none-any.whl", hash = "sha256:2ccc28197af5313706511fab3a8b66dcd6da067a1331372c82ea1cb74285e036"},
    {file = "propcache-0.2.0.tar.gz", hash = "sha256:df81779732feb9d01e5d513fad0122efb3d53bbc75f61b2a4f29a020bc985e70"},
]

[[package]]
name = "protobuf"
version = "5.28.3"
summary = ""
files = [
    {file = "protobuf-5.28.3-cp310-abi3-win32.whl", hash = "sha256:0c4eec6f987338617072592b97943fdbe30d019c56126493111cf24344c1cc24"},
    {file = "protobuf-5.28.3-cp310-abi3-win_amd64.whl", hash = "sha256:91fba8f445723fcf400fdbe9ca796b19d3b1242cd873907979b9ed71e4afe868"},
    {file = "protobuf-5.28.3-cp38-abi3-macosx_10_9_universal2.whl", hash = "sha256:a3f6857551e53ce35e60b403b8a27b0295f7d6eb63d10484f12bc6879c715687"},
    {file = "protobuf-5.28.3-cp38-abi3-manylinux2014_aarch64.whl", hash = "sha256:3fa2de6b8b29d12c61911505d893afe7320ce7ccba4df913e2971461fa36d584"},
    {file = "protobuf-5.28.3-cp38-abi3-manylinux2014_x86_64.whl", hash = "sha256:712319fbdddb46f21abb66cd33cb9e491a5763b2febd8f228251add221981135"},
    {file = "protobuf-5.28.3-py3-none-any.whl", hash = "sha256:cee1757663fa32a1ee673434fcf3bf24dd54763c79690201208bafec62f19eed"},
    {file = "protobuf-5.28.3.tar.gz", hash = "sha256:64badbc49180a5e401f373f9ce7ab1d18b63f7dd4a9cdc43c92b9f0b481cef7b"},
]

[[package]]
name = "pycryptodome"
version = "3.21.0"
summary = ""
files = [
    {file = "pycryptodome-3.21.0-cp36-abi3-macosx_10_9_universal2.whl", hash = "sha256:2480ec2c72438430da9f601ebc12c518c093c13111a5c1644c82cdfc2e50b1e4"},
    {file = "pycryptodome-3.21.0-cp36-abi3-macosx_10_9_x86_64.whl", hash = "sha256:de18954104667f565e2fbb4783b56667f30fb49c4d79b346f52a29cb198d5b6b"},
    {file = "pycryptodome-3.21.0-cp36-abi3-manylinux_2_17_aarch64.manylinux2014_aarch64.whl", hash = "sha256:2de4b7263a33947ff440412339cb72b28a5a4c769b5c1ca19e33dd6cd1dcec6e"},
    {file = "pycryptodome-3.21.0-cp36-abi3-manylinux_2_17_x86_64.manylinux2014_x86_64.whl", hash = "sha256:0714206d467fc911042d01ea3a1847c847bc10884cf674c82e12915cfe1649f8"},
    {file = "pycryptodome-3.21.0-cp36-abi3-manylinux_2_5_i686.manylinux1_i686.manylinux_2_17_i686.manylinux2014_i686.whl", hash = "sha256:7d85c1b613121ed3dbaa5a97369b3b757909531a959d229406a75b912dd51dd1"},
    {file = "pycryptodome-3.21.0-cp36-abi3-musllinux_1_1_aarch64.whl", hash = "sha256:8898a66425a57bcf15e25fc19c12490b87bd939800f39a03ea2de2aea5e3611a"},
    {file = "pycryptodome-3.21.0-cp36-abi3-musllinux_1_2_i686.whl", hash = "sha256:932c905b71a56474bff8a9c014030bc3c882cee696b448af920399f730a650c2"},
    {file = "pycryptodome-3.21.0-cp36-abi3-musllinux_1_2_x86_64.whl", hash = "sha256:18caa8cfbc676eaaf28613637a89980ad2fd96e00c564135bf90bc3f0b34dd93"},
    {file = "pycryptodome-3.21.0-cp36-abi3-win32.whl", hash = "sha256:280b67d20e33bb63171d55b1067f61fbd932e0b1ad976b3a184303a3dad22764"},
    {file = "pycryptodome-3.21.0-cp36-abi3-win_amd64.whl", hash = "sha256:b7aa25fc0baa5b1d95b7633af4f5f1838467f1815442b22487426f94e0d66c53"},
    {file = "pycryptodome-3.21.0-pp27-pypy_73-manylinux2010_x86_64.whl", hash = "sha256:2cb635b67011bc147c257e61ce864879ffe6d03342dc74b6045059dfbdedafca"},
    {file = "pycryptodome-3.21.0-pp27-pypy_73-win32.whl", hash = "sha256:4c26a2f0dc15f81ea3afa3b0c87b87e501f235d332b7f27e2225ecb80c0b1cdd"},
    {file = "pycryptodome-3.21.0-pp310-pypy310_pp73-macosx_10_15_x86_64.whl", hash = "sha256:d5ebe0763c982f069d3877832254f64974139f4f9655058452603ff559c482e8"},
    {file = "pycryptodome-3.21.0-pp310-pypy310_pp73-manylinux_2_17_x86_64.manylinux2014_x86_64.whl", hash = "sha256:7ee86cbde706be13f2dec5a42b52b1c1d1cbb90c8e405c68d0755134735c8dc6"},
    {file = "pycryptodome-3.21.0-pp310-pypy310_pp73-manylinux_2_5_i686.manylinux1_i686.manylinux_2_17_i686.manylinux2014_i686.whl", hash = "sha256:0fd54003ec3ce4e0f16c484a10bc5d8b9bd77fa662a12b85779a2d2d85d67ee0"},
    {file = "pycryptodome-3.21.0-pp310-pypy310_pp73-win_amd64.whl", hash = "sha256:5dfafca172933506773482b0e18f0cd766fd3920bd03ec85a283df90d8a17bc6"},
    {file = "pycryptodome-3.21.0.tar.gz", hash = "sha256:f7787e0d469bdae763b876174cf2e6c0f7be79808af26b1da96f1a64bcf47297"},
]

[[package]]
name = "pydantic"
version = "2.10.1"
summary = ""
dependencies = [
    "annotated-types",
    "pydantic-core",
    "typing-extensions",
]
files = [
    {file = "pydantic-2.10.1-py3-none-any.whl", hash = "sha256:a8d20db84de64cf4a7d59e899c2caf0fe9d660c7cfc482528e7020d7dd189a7e"},
    {file = "pydantic-2.10.1.tar.gz", hash = "sha256:a4daca2dc0aa429555e0656d6bf94873a7dc5f54ee42b1f5873d666fb3f35560"},
]

[[package]]
name = "pydantic-core"
version = "2.27.1"
summary = ""
dependencies = [
    "typing-extensions",
]
files = [
    {file = "pydantic_core-2.27.1-cp310-cp310-macosx_10_12_x86_64.whl", hash = "sha256:71a5e35c75c021aaf400ac048dacc855f000bdfed91614b4a726f7432f1f3d6a"},
    {file = "pydantic_core-2.27.1-cp310-cp310-macosx_11_0_arm64.whl", hash = "sha256:f82d068a2d6ecfc6e054726080af69a6764a10015467d7d7b9f66d6ed5afa23b"},
    {file = "pydantic_core-2.27.1-cp310-cp310-manylinux_2_17_aarch64.manylinux2014_aarch64.whl", hash = "sha256:121ceb0e822f79163dd4699e4c54f5ad38b157084d97b34de8b232bcaad70278"},
    {file = "pydantic_core-2.27.1-cp310-cp310-manylinux_2_17_armv7l.manylinux2014_armv7l.whl", hash = "sha256:4603137322c18eaf2e06a4495f426aa8d8388940f3c457e7548145011bb68e05"},
    {file = "pydantic_core-2.27.1-cp310-cp310-manylinux_2_17_ppc64le.manylinux2014_ppc64le.whl", hash = "sha256:a33cd6ad9017bbeaa9ed78a2e0752c5e250eafb9534f308e7a5f7849b0b1bfb4"},
    {file = "pydantic_core-2.27.1-cp310-cp310-manylinux_2_17_s390x.manylinux2014_s390x.whl", hash = "sha256:15cc53a3179ba0fcefe1e3ae50beb2784dede4003ad2dfd24f81bba4b23a454f"},
    {file = "pydantic_core-2.27.1-cp310-cp310-manylinux_2_17_x86_64.manylinux2014_x86_64.whl", hash = "sha256:45d9c5eb9273aa50999ad6adc6be5e0ecea7e09dbd0d31bd0c65a55a2592ca08"},
    {file = "pydantic_core-2.27.1-cp310-cp310-manylinux_2_5_i686.manylinux1_i686.whl", hash = "sha256:8bf7b66ce12a2ac52d16f776b31d16d91033150266eb796967a7e4621707e4f6"},
    {file = "pydantic_core-2.27.1-cp310-cp310-musllinux_1_1_aarch64.whl", hash = "sha256:655d7dd86f26cb15ce8a431036f66ce0318648f8853d709b4167786ec2fa4807"},
    {file = "pydantic_core-2.27.1-cp310-cp310-musllinux_1_1_armv7l.whl", hash = "sha256:5556470f1a2157031e676f776c2bc20acd34c1990ca5f7e56f1ebf938b9ab57c"},
    {file = "pydantic_core-2.27.1-cp310-cp310-musllinux_1_1_x86_64.whl", hash = "sha256:f69ed81ab24d5a3bd93861c8c4436f54afdf8e8cc421562b0c7504cf3be58206"},
    {file = "pydantic_core-2.27.1-cp310-none-win32.whl", hash = "sha256:f5a823165e6d04ccea61a9f0576f345f8ce40ed533013580e087bd4d7442b52c"},
    {file = "pydantic_core-2.27.1-cp310-none-win_amd64.whl", hash = "sha256:57866a76e0b3823e0b56692d1a0bf722bffb324839bb5b7226a7dbd6c9a40b17"},
    {file = "pydantic_core-2.27.1-pp310-pypy310_pp73-macosx_10_12_x86_64.whl", hash = "sha256:3fa80ac2bd5856580e242dbc202db873c60a01b20309c8319b5c5986fbe53ce6"},
    {file = "pydantic_core-2.27.1-pp310-pypy310_pp73-macosx_11_0_arm64.whl", hash = "sha256:d950caa237bb1954f1b8c9227b5065ba6875ac9771bb8ec790d956a699b78676"},
    {file = "pydantic_core-2.27.1-pp310-pypy310_pp73-manylinux_2_17_aarch64.manylinux2014_aarch64.whl", hash = "sha256:0e4216e64d203e39c62df627aa882f02a2438d18a5f21d7f721621f7a5d3611d"},
    {file = "pydantic_core-2.27.1-pp310-pypy310_pp73-manylinux_2_17_x86_64.manylinux2014_x86_64.whl", hash = "sha256:02a3d637bd387c41d46b002f0e49c52642281edacd2740e5a42f7017feea3f2c"},
    {file = "pydantic_core-2.27.1-pp310-pypy310_pp73-manylinux_2_5_i686.manylinux1_i686.whl", hash = "sha256:161c27ccce13b6b0c8689418da3885d3220ed2eae2ea5e9b2f7f3d48f1d52c27"},
    {file = "pydantic_core-2.27.1-pp310-pypy310_pp73-musllinux_1_1_aarch64.whl", hash = "sha256:19910754e4cc9c63bc1c7f6d73aa1cfee82f42007e407c0f413695c2f7ed777f"},
    {file = "pydantic_core-2.27.1-pp310-pypy310_pp73-musllinux_1_1_armv7l.whl", hash = "sha256:e173486019cc283dc9778315fa29a363579372fe67045e971e89b6365cc035ed"},
    {file = "pydantic_core-2.27.1-pp310-pypy310_pp73-musllinux_1_1_x86_64.whl", hash = "sha256:af52d26579b308921b73b956153066481f064875140ccd1dfd4e77db89dbb12f"},
    {file = "pydantic_core-2.27.1-pp310-pypy310_pp73-win_amd64.whl", hash = "sha256:981fb88516bd1ae8b0cbbd2034678a39dedc98752f264ac9bc5839d3923fa04c"},
    {file = "pydantic_core-2.27.1.tar.gz", hash = "sha256:62a763352879b84aa31058fc931884055fd75089cccbd9d58bb6afd01141b235"},
]

[[package]]
name = "pyee"
version = "12.0.0"
summary = ""
dependencies = [
    "typing-extensions",
]
files = [
    {file = "pyee-12.0.0-py3-none-any.whl", hash = "sha256:7b14b74320600049ccc7d0e0b1becd3b4bd0a03c745758225e31a59f4095c990"},
    {file = "pyee-12.0.0.tar.gz", hash = "sha256:c480603f4aa2927d4766eb41fa82793fe60a82cbfdb8d688e0d08c55a534e145"},
]

[[package]]
name = "pygments"
version = "2.18.0"
summary = ""
files = [
    {file = "pygments-2.18.0-py3-none-any.whl", hash = "sha256:b8e6aca0523f3ab76fee51799c488e38782ac06eafcf95e7ba832985c8e7b13a"},
    {file = "pygments-2.18.0.tar.gz", hash = "sha256:786ff802f32e91311bff3889f6e9a86e81505fe99f2735bb6d60ae0c5004f199"},
]

[[package]]
name = "pygtrie"
version = "2.5.0"
summary = ""
files = [
    {file = "pygtrie-2.5.0-py3-none-any.whl", hash = "sha256:8795cda8105493d5ae159a5bef313ff13156c5d4d72feddefacaad59f8c8ce16"},
    {file = "pygtrie-2.5.0.tar.gz", hash = "sha256:203514ad826eb403dab1d2e2ddd034e0d1534bbe4dbe0213bb0593f66beba4e2"},
]

[[package]]
name = "pymdown-extensions"
version = "10.12"
summary = ""
dependencies = [
    "markdown",
    "pyyaml",
]
files = [
    {file = "pymdown_extensions-10.12-py3-none-any.whl", hash = "sha256:49f81412242d3527b8b4967b990df395c89563043bc51a3d2d7d500e52123b77"},
    {file = "pymdown_extensions-10.12.tar.gz", hash = "sha256:b0ee1e0b2bef1071a47891ab17003bfe5bf824a398e13f49f8ed653b699369a7"},
]

[[package]]
name = "pypng"
version = "0.20220715.0"
summary = ""
files = [
    {file = "pypng-0.20220715.0-py3-none-any.whl", hash = "sha256:4a43e969b8f5aaafb2a415536c1a8ec7e341cd6a3f957fd5b5f32a4cfeed902c"},
    {file = "pypng-0.20220715.0.tar.gz", hash = "sha256:739c433ba96f078315de54c0db975aee537cbc3e1d0ae4ed9aab0ca1e427e2c1"},
]

[[package]]
name = "python-dotenv"
version = "1.0.1"
summary = ""
files = [
    {file = "python-dotenv-1.0.1.tar.gz", hash = "sha256:e324ee90a023d808f1959c46bcbc04446a10ced277783dc6ee09987c37ec10ca"},
    {file = "python_dotenv-1.0.1-py3-none-any.whl", hash = "sha256:f7b63ef50f1b690dddf550d03497b66d609393b40b564ed0d674909a68ebf16a"},
]

[[package]]
name = "python-markdown-math"
version = "0.8"
summary = ""
dependencies = [
    "markdown",
]
files = [
    {file = "python-markdown-math-0.8.tar.gz", hash = "sha256:8564212af679fc18d53f38681f16080fcd3d186073f23825c7ce86fadd3e3635"},
    {file = "python_markdown_math-0.8-py3-none-any.whl", hash = "sha256:c685249d84b5b697e9114d7beb352bd8ca2e07fd268fd4057ffca888c14641e5"},
]

[[package]]
name = "pytz"
version = "2024.2"
summary = ""
files = [
    {file = "pytz-2024.2-py2.py3-none-any.whl", hash = "sha256:31c7c1817eb7fae7ca4b8c7ee50c72f93aa2dd863de768e1ef4245d426aa0725"},
    {file = "pytz-2024.2.tar.gz", hash = "sha256:2aa355083c50a0f93fa581709deac0c9ad65cca8a9e9beac660adcbd493c798a"},
]

[[package]]
name = "pyyaml"
version = "6.0.2"
summary = ""
files = [
    {file = "PyYAML-6.0.2-cp310-cp310-macosx_10_9_x86_64.whl", hash = "sha256:0a9a2848a5b7feac301353437eb7d5957887edbf81d56e903999a75a3d743086"},
    {file = "PyYAML-6.0.2-cp310-cp310-macosx_11_0_arm64.whl", hash = "sha256:29717114e51c84ddfba879543fb232a6ed60086602313ca38cce623c1d62cfbf"},
    {file = "PyYAML-6.0.2-cp310-cp310-manylinux_2_17_aarch64.manylinux2014_aarch64.whl", hash = "sha256:8824b5a04a04a047e72eea5cec3bc266db09e35de6bdfe34c9436ac5ee27d237"},
    {file = "PyYAML-6.0.2-cp310-cp310-manylinux_2_17_s390x.manylinux2014_s390x.whl", hash = "sha256:7c36280e6fb8385e520936c3cb3b8042851904eba0e58d277dca80a5cfed590b"},
    {file = "PyYAML-6.0.2-cp310-cp310-manylinux_2_17_x86_64.manylinux2014_x86_64.whl", hash = "sha256:ec031d5d2feb36d1d1a24380e4db6d43695f3748343d99434e6f5f9156aaa2ed"},
    {file = "PyYAML-6.0.2-cp310-cp310-musllinux_1_1_aarch64.whl", hash = "sha256:936d68689298c36b53b29f23c6dbb74de12b4ac12ca6cfe0e047bedceea56180"},
    {file = "PyYAML-6.0.2-cp310-cp310-musllinux_1_1_x86_64.whl", hash = "sha256:23502f431948090f597378482b4812b0caae32c22213aecf3b55325e049a6c68"},
    {file = "PyYAML-6.0.2-cp310-cp310-win32.whl", hash = "sha256:2e99c6826ffa974fe6e27cdb5ed0021786b03fc98e5ee3c5bfe1fd5015f42b99"},
    {file = "PyYAML-6.0.2-cp310-cp310-win_amd64.whl", hash = "sha256:a4d3091415f010369ae4ed1fc6b79def9416358877534caf6a0fdd2146c87a3e"},
    {file = "pyyaml-6.0.2.tar.gz", hash = "sha256:d584d9ec91ad65861cc08d42e834324ef890a082e591037abe114850ff7bbc3e"},
]

[[package]]
name = "qrcode"
version = "8.0"
summary = ""
dependencies = [
    "colorama; sys_platform == \"win32\"",
]
files = [
    {file = "qrcode-8.0-py3-none-any.whl", hash = "sha256:9fc05f03305ad27a709eb742cf3097fa19e6f6f93bb9e2f039c0979190f6f1b1"},
    {file = "qrcode-8.0.tar.gz", hash = "sha256:025ce2b150f7fe4296d116ee9bad455a6643ab4f6e7dce541613a4758cbce347"},
]

[[package]]
name = "ruff"
version = "0.8.1"
summary = ""
files = [
    {file = "ruff-0.8.1-py3-none-linux_armv6l.whl", hash = "sha256:fae0805bd514066f20309f6742f6ee7904a773eb9e6c17c45d6b1600ca65c9b5"},
    {file = "ruff-0.8.1-py3-none-macosx_10_12_x86_64.whl", hash = "sha256:b8a4f7385c2285c30f34b200ca5511fcc865f17578383db154e098150ce0a087"},
    {file = "ruff-0.8.1-py3-none-macosx_11_0_arm64.whl", hash = "sha256:cd054486da0c53e41e0086e1730eb77d1f698154f910e0cd9e0d64274979a209"},
    {file = "ruff-0.8.1-py3-none-manylinux_2_17_aarch64.manylinux2014_aarch64.whl", hash = "sha256:2029b8c22da147c50ae577e621a5bfbc5d1fed75d86af53643d7a7aee1d23871"},
    {file = "ruff-0.8.1-py3-none-manylinux_2_17_armv7l.manylinux2014_armv7l.whl", hash = "sha256:2666520828dee7dfc7e47ee4ea0d928f40de72056d929a7c5292d95071d881d1"},
    {file = "ruff-0.8.1-py3-none-manylinux_2_17_i686.manylinux2014_i686.whl", hash = "sha256:333c57013ef8c97a53892aa56042831c372e0bb1785ab7026187b7abd0135ad5"},
    {file = "ruff-0.8.1-py3-none-manylinux_2_17_ppc64.manylinux2014_ppc64.whl", hash = "sha256:288326162804f34088ac007139488dcb43de590a5ccfec3166396530b58fb89d"},
    {file = "ruff-0.8.1-py3-none-manylinux_2_17_ppc64le.manylinux2014_ppc64le.whl", hash = "sha256:b12c39b9448632284561cbf4191aa1b005882acbc81900ffa9f9f471c8ff7e26"},
    {file = "ruff-0.8.1-py3-none-manylinux_2_17_s390x.manylinux2014_s390x.whl", hash = "sha256:364e6674450cbac8e998f7b30639040c99d81dfb5bbc6dfad69bc7a8f916b3d1"},
    {file = "ruff-0.8.1-py3-none-manylinux_2_17_x86_64.manylinux2014_x86_64.whl", hash = "sha256:b22346f845fec132aa39cd29acb94451d030c10874408dbf776af3aaeb53284c"},
    {file = "ruff-0.8.1-py3-none-musllinux_1_2_aarch64.whl", hash = "sha256:b2f2f7a7e7648a2bfe6ead4e0a16745db956da0e3a231ad443d2a66a105c04fa"},
    {file = "ruff-0.8.1-py3-none-musllinux_1_2_armv7l.whl", hash = "sha256:adf314fc458374c25c5c4a4a9270c3e8a6a807b1bec018cfa2813d6546215540"},
    {file = "ruff-0.8.1-py3-none-musllinux_1_2_i686.whl", hash = "sha256:a885d68342a231b5ba4d30b8c6e1b1ee3a65cf37e3d29b3c74069cdf1ee1e3c9"},
    {file = "ruff-0.8.1-py3-none-musllinux_1_2_x86_64.whl", hash = "sha256:d2c16e3508c8cc73e96aa5127d0df8913d2290098f776416a4b157657bee44c5"},
    {file = "ruff-0.8.1-py3-none-win32.whl", hash = "sha256:93335cd7c0eaedb44882d75a7acb7df4b77cd7cd0d2255c93b28791716e81790"},
    {file = "ruff-0.8.1-py3-none-win_amd64.whl", hash = "sha256:2954cdbe8dfd8ab359d4a30cd971b589d335a44d444b6ca2cb3d1da21b75e4b6"},
    {file = "ruff-0.8.1-py3-none-win_arm64.whl", hash = "sha256:55873cc1a473e5ac129d15eccb3c008c096b94809d693fc7053f588b67822737"},
    {file = "ruff-0.8.1.tar.gz", hash = "sha256:3583db9a6450364ed5ca3f3b4225958b24f78178908d5c4bc0f46251ccca898f"},
]

[[package]]
name = "sentry-sdk"
version = "2.19.0"
summary = ""
dependencies = [
    "certifi",
    "urllib3",
]
files = [
    {file = "sentry_sdk-2.19.0-py2.py3-none-any.whl", hash = "sha256:7b0b3b709dee051337244a09a30dbf6e95afe0d34a1f8b430d45e0982a7c125b"},
    {file = "sentry_sdk-2.19.0.tar.gz", hash = "sha256:ee4a4d2ae8bfe3cac012dcf3e4607975904c137e1738116549fc3dbbb6ff0e36"},
]

[[package]]
name = "sniffio"
version = "1.3.1"
summary = ""
files = [
    {file = "sniffio-1.3.1-py3-none-any.whl", hash = "sha256:2f6da418d1f1e0fddd844478f41680e794e6051915791a034ff65e5f100525a2"},
    {file = "sniffio-1.3.1.tar.gz", hash = "sha256:f4324edc670a0f49750a81b895f35c3adb843cca46f0530f79fc1babb23789dc"},
]

[[package]]
name = "starlette"
version = "0.41.3"
summary = ""
dependencies = [
    "anyio",
]
files = [
    {file = "starlette-0.41.3-py3-none-any.whl", hash = "sha256:44cedb2b7c77a9de33a8b74b2b90e9f50d11fcf25d8270ea525ad71a25374ff7"},
    {file = "starlette-0.41.3.tar.gz", hash = "sha256:0e4ab3d16522a255be6b28260b938eae2482f98ce5cc934cb08dce8dc3ba5835"},
]

[[package]]
name = "tomli"
version = "2.2.1"
summary = ""
files = [
    {file = "tomli-2.2.1-py3-none-any.whl", hash = "sha256:cb55c73c5f4408779d0cf3eef9f762b9c9f147a77de7b258bef0a5628adc85cc"},
    {file = "tomli-2.2.1.tar.gz", hash = "sha256:cd45e1dc79c835ce60f7404ec8119f2eb06d38b1deba146f07ced3bbc44505ff"},
]

[[package]]
name = "typing-extensions"
version = "4.12.2"
summary = ""
files = [
    {file = "typing_extensions-4.12.2-py3-none-any.whl", hash = "sha256:04e5ca0351e0f3f85c6853954072df659d0d13fac324d0072316b67d7794700d"},
    {file = "typing_extensions-4.12.2.tar.gz", hash = "sha256:1a7ead55c7e559dd4dee8856e3a88b41225abfe1ce8df57b7c13915fe121ffb8"},
]

[[package]]
name = "urllib3"
version = "2.2.3"
summary = ""
files = [
    {file = "urllib3-2.2.3-py3-none-any.whl", hash = "sha256:ca899ca043dcb1bafa3e262d73aa25c465bfb49e0bd9dd5d59f1d0acba2f8fac"},
    {file = "urllib3-2.2.3.tar.gz", hash = "sha256:e7d814a81dad81e6caf2ec9fdedb284ecc9c73076b62654547cc64ccdcae26e9"},
]

[[package]]
name = "uvicorn"
version = "0.32.1"
summary = ""
dependencies = [
    "click",
    "h11",
    "typing-extensions",
]
files = [
    {file = "uvicorn-0.32.1-py3-none-any.whl", hash = "sha256:82ad92fd58da0d12af7482ecdb5f2470a04c9c9a53ced65b9bbb4a205377602e"},
    {file = "uvicorn-0.32.1.tar.gz", hash = "sha256:ee9519c246a72b1c084cea8d3b44ed6026e78a4a309cbedae9c37e4cb9fbb175"},
]

[[package]]
name = "uvicorn"
version = "0.32.1"
extras = ["standard"]
summary = ""
dependencies = [
    "colorama; sys_platform == \"win32\"",
    "httptools",
    "python-dotenv",
    "pyyaml",
    "uvicorn==0.32.1",
    "uvloop; platform_python_implementation != \"PyPy\" and (sys_platform != \"cygwin\" and sys_platform != \"win32\")",
    "watchfiles",
    "websockets",
]
files = [
    {file = "uvicorn-0.32.1-py3-none-any.whl", hash = "sha256:82ad92fd58da0d12af7482ecdb5f2470a04c9c9a53ced65b9bbb4a205377602e"},
    {file = "uvicorn-0.32.1.tar.gz", hash = "sha256:ee9519c246a72b1c084cea8d3b44ed6026e78a4a309cbedae9c37e4cb9fbb175"},
]

[[package]]
name = "uvloop"
version = "0.21.0"
summary = ""
files = [
    {file = "uvloop-0.21.0-cp310-cp310-macosx_10_9_universal2.whl", hash = "sha256:ec7e6b09a6fdded42403182ab6b832b71f4edaf7f37a9a0e371a01db5f0cb45f"},
    {file = "uvloop-0.21.0-cp310-cp310-macosx_10_9_x86_64.whl", hash = "sha256:196274f2adb9689a289ad7d65700d37df0c0930fd8e4e743fa4834e850d7719d"},
    {file = "uvloop-0.21.0-cp310-cp310-manylinux_2_17_aarch64.manylinux2014_aarch64.whl", hash = "sha256:f38b2e090258d051d68a5b14d1da7203a3c3677321cf32a95a6f4db4dd8b6f26"},
    {file = "uvloop-0.21.0-cp310-cp310-manylinux_2_17_x86_64.manylinux2014_x86_64.whl", hash = "sha256:87c43e0f13022b998eb9b973b5e97200c8b90823454d4bc06ab33829e09fb9bb"},
    {file = "uvloop-0.21.0-cp310-cp310-musllinux_1_2_aarch64.whl", hash = "sha256:10d66943def5fcb6e7b37310eb6b5639fd2ccbc38df1177262b0640c3ca68c1f"},
    {file = "uvloop-0.21.0-cp310-cp310-musllinux_1_2_x86_64.whl", hash = "sha256:67dd654b8ca23aed0a8e99010b4c34aca62f4b7fce88f39d452ed7622c94845c"},
    {file = "uvloop-0.21.0.tar.gz", hash = "sha256:3bf12b0fda68447806a7ad847bfa591613177275d35b6724b1ee573faa3704e3"},
]

[[package]]
name = "watchfiles"
version = "1.0.0"
summary = ""
dependencies = [
    "anyio",
]
files = [
    {file = "watchfiles-1.0.0-cp310-cp310-macosx_10_12_x86_64.whl", hash = "sha256:1d19df28f99d6a81730658fbeb3ade8565ff687f95acb59665f11502b441be5f"},
    {file = "watchfiles-1.0.0-cp310-cp310-macosx_11_0_arm64.whl", hash = "sha256:28babb38cf2da8e170b706c4b84aa7e4528a6fa4f3ee55d7a0866456a1662041"},
    {file = "watchfiles-1.0.0-cp310-cp310-manylinux_2_17_aarch64.manylinux2014_aarch64.whl", hash = "sha256:12ab123135b2f42517f04e720526d41448667ae8249e651385afb5cda31fedc0"},
    {file = "watchfiles-1.0.0-cp310-cp310-manylinux_2_17_armv7l.manylinux2014_armv7l.whl", hash = "sha256:13a4f9ee0cd25682679eea5c14fc629e2eaa79aab74d963bc4e21f43b8ea1877"},
    {file = "watchfiles-1.0.0-cp310-cp310-manylinux_2_17_i686.manylinux2014_i686.whl", hash = "sha256:9e1d9284cc84de7855fcf83472e51d32daf6f6cecd094160192628bc3fee1b78"},
    {file = "watchfiles-1.0.0-cp310-cp310-manylinux_2_17_ppc64le.manylinux2014_ppc64le.whl", hash = "sha256:1ee5edc939f53466b329bbf2e58333a5461e6c7b50c980fa6117439e2c18b42d"},
    {file = "watchfiles-1.0.0-cp310-cp310-manylinux_2_17_s390x.manylinux2014_s390x.whl", hash = "sha256:5dccfc70480087567720e4e36ec381bba1ed68d7e5f368fe40c93b3b1eba0105"},
    {file = "watchfiles-1.0.0-cp310-cp310-manylinux_2_17_x86_64.manylinux2014_x86_64.whl", hash = "sha256:c83a6d33a9eda0af6a7470240d1af487807adc269704fe76a4972dd982d16236"},
    {file = "watchfiles-1.0.0-cp310-cp310-musllinux_1_1_aarch64.whl", hash = "sha256:905f69aad276639eff3893759a07d44ea99560e67a1cf46ff389cd62f88872a2"},
    {file = "watchfiles-1.0.0-cp310-cp310-musllinux_1_1_x86_64.whl", hash = "sha256:09551237645d6bff3972592f2aa5424df9290e7a2e15d63c5f47c48cde585935"},
    {file = "watchfiles-1.0.0-cp310-none-win32.whl", hash = "sha256:d2b39aa8edd9e5f56f99a2a2740a251dc58515398e9ed5a4b3e5ff2827060755"},
    {file = "watchfiles-1.0.0-cp310-none-win_amd64.whl", hash = "sha256:2de52b499e1ab037f1a87cb8ebcb04a819bf087b1015a4cf6dcf8af3c2a2613e"},
    {file = "watchfiles-1.0.0-pp310-pypy310_pp73-macosx_10_12_x86_64.whl", hash = "sha256:f159ac795785cde4899e0afa539f4c723fb5dd336ce5605bc909d34edd00b79b"},
    {file = "watchfiles-1.0.0-pp310-pypy310_pp73-macosx_11_0_arm64.whl", hash = "sha256:c3d258d78341d5d54c0c804a5b7faa66cd30ba50b2756a7161db07ce15363b8d"},
    {file = "watchfiles-1.0.0-pp310-pypy310_pp73-manylinux_2_17_aarch64.manylinux2014_aarch64.whl", hash = "sha256:5bbd0311588c2de7f9ea5cf3922ccacfd0ec0c1922870a2be503cc7df1ca8be7"},
    {file = "watchfiles-1.0.0-pp310-pypy310_pp73-manylinux_2_17_x86_64.manylinux2014_x86_64.whl", hash = "sha256:c9a13ac46b545a7d0d50f7641eefe47d1597e7d1783a5d89e09d080e6dff44b0"},
    {file = "watchfiles-1.0.0.tar.gz", hash = "sha256:37566c844c9ce3b5deb964fe1a23378e575e74b114618d211fbda8f59d7b5dab"},
]

[[package]]
name = "websockets"
version = "14.1"
summary = ""
files = [
    {file = "websockets-14.1-cp310-cp310-macosx_10_9_universal2.whl", hash = "sha256:a0adf84bc2e7c86e8a202537b4fd50e6f7f0e4a6b6bf64d7ccb96c4cd3330b29"},
    {file = "websockets-14.1-cp310-cp310-macosx_10_9_x86_64.whl", hash = "sha256:90b5d9dfbb6d07a84ed3e696012610b6da074d97453bd01e0e30744b472c8179"},
    {file = "websockets-14.1-cp310-cp310-macosx_11_0_arm64.whl", hash = "sha256:2177ee3901075167f01c5e335a6685e71b162a54a89a56001f1c3e9e3d2ad250"},
    {file = "websockets-14.1-cp310-cp310-manylinux_2_17_aarch64.manylinux2014_aarch64.whl", hash = "sha256:3f14a96a0034a27f9d47fd9788913924c89612225878f8078bb9d55f859272b0"},
    {file = "websockets-14.1-cp310-cp310-manylinux_2_5_i686.manylinux1_i686.manylinux_2_17_i686.manylinux2014_i686.whl", hash = "sha256:1f874ba705deea77bcf64a9da42c1f5fc2466d8f14daf410bc7d4ceae0a9fcb0"},
    {file = "websockets-14.1-cp310-cp310-manylinux_2_5_x86_64.manylinux1_x86_64.manylinux_2_17_x86_64.manylinux2014_x86_64.whl", hash = "sha256:9607b9a442392e690a57909c362811184ea429585a71061cd5d3c2b98065c199"},
    {file = "websockets-14.1-cp310-cp310-musllinux_1_2_aarch64.whl", hash = "sha256:bea45f19b7ca000380fbd4e02552be86343080120d074b87f25593ce1700ad58"},
    {file = "websockets-14.1-cp310-cp310-musllinux_1_2_i686.whl", hash = "sha256:219c8187b3ceeadbf2afcf0f25a4918d02da7b944d703b97d12fb01510869078"},
    {file = "websockets-14.1-cp310-cp310-musllinux_1_2_x86_64.whl", hash = "sha256:ad2ab2547761d79926effe63de21479dfaf29834c50f98c4bf5b5480b5838434"},
    {file = "websockets-14.1-cp310-cp310-win32.whl", hash = "sha256:1288369a6a84e81b90da5dbed48610cd7e5d60af62df9851ed1d1d23a9069f10"},
    {file = "websockets-14.1-cp310-cp310-win_amd64.whl", hash = "sha256:e0744623852f1497d825a49a99bfbec9bea4f3f946df6eb9d8a2f0c37a2fec2e"},
    {file = "websockets-14.1-pp310-pypy310_pp73-macosx_10_15_x86_64.whl", hash = "sha256:e5dc25a9dbd1a7f61eca4b7cb04e74ae4b963d658f9e4f9aad9cd00b688692c8"},
    {file = "websockets-14.1-pp310-pypy310_pp73-macosx_11_0_arm64.whl", hash = "sha256:04a97aca96ca2acedf0d1f332c861c5a4486fdcba7bcef35873820f940c4231e"},
    {file = "websockets-14.1-pp310-pypy310_pp73-manylinux_2_17_aarch64.manylinux2014_aarch64.whl", hash = "sha256:df174ece723b228d3e8734a6f2a6febbd413ddec39b3dc592f5a4aa0aff28098"},
    {file = "websockets-14.1-pp310-pypy310_pp73-manylinux_2_5_i686.manylinux1_i686.manylinux_2_17_i686.manylinux2014_i686.whl", hash = "sha256:034feb9f4286476f273b9a245fb15f02c34d9586a5bc936aff108c3ba1b21beb"},
    {file = "websockets-14.1-pp310-pypy310_pp73-manylinux_2_5_x86_64.manylinux1_x86_64.manylinux_2_17_x86_64.manylinux2014_x86_64.whl", hash = "sha256:660c308dabd2b380807ab64b62985eaccf923a78ebc572bd485375b9ca2b7dc7"},
    {file = "websockets-14.1-pp310-pypy310_pp73-win_amd64.whl", hash = "sha256:5a42d3ecbb2db5080fc578314439b1d79eef71d323dc661aa616fb492436af5d"},
    {file = "websockets-14.1-py3-none-any.whl", hash = "sha256:4d4fc827a20abe6d544a119896f6b78ee13fe81cbfef416f3f2ddf09a03f0e2e"},
    {file = "websockets-14.1.tar.gz", hash = "sha256:398b10c77d471c0aab20a845e7a60076b6390bfdaac7a6d2edb0d2c59d75e8d8"},
]

[[package]]
name = "win32-setctime"
version = "1.1.0"
summary = ""
files = [
    {file = "win32_setctime-1.1.0-py3-none-any.whl", hash = "sha256:231db239e959c2fe7eb1d7dc129f11172354f98361c4fa2d6d2d7e278baa8aad"},
    {file = "win32_setctime-1.1.0.tar.gz", hash = "sha256:15cf5750465118d6929ae4de4eb46e8edae9a5634350c01ba582df868e932cb2"},
]

[[package]]
name = "yarl"
version = "1.18.0"
summary = ""
dependencies = [
    "idna",
    "multidict",
    "propcache",
]
files = [
    {file = "yarl-1.18.0-cp310-cp310-macosx_10_9_universal2.whl", hash = "sha256:074fee89caab89a97e18ef5f29060ef61ba3cae6cd77673acc54bfdd3214b7b7"},
    {file = "yarl-1.18.0-cp310-cp310-macosx_10_9_x86_64.whl", hash = "sha256:b026cf2c32daf48d90c0c4e406815c3f8f4cfe0c6dfccb094a9add1ff6a0e41a"},
    {file = "yarl-1.18.0-cp310-cp310-macosx_11_0_arm64.whl", hash = "sha256:ae38bd86eae3ba3d2ce5636cc9e23c80c9db2e9cb557e40b98153ed102b5a736"},
    {file = "yarl-1.18.0-cp310-cp310-manylinux_2_17_aarch64.manylinux2014_aarch64.whl", hash = "sha256:685cc37f3f307c6a8e879986c6d85328f4c637f002e219f50e2ef66f7e062c1d"},
    {file = "yarl-1.18.0-cp310-cp310-manylinux_2_17_ppc64le.manylinux2014_ppc64le.whl", hash = "sha256:8254dbfce84ee5d1e81051ee7a0f1536c108ba294c0fdb5933476398df0654f3"},
    {file = "yarl-1.18.0-cp310-cp310-manylinux_2_17_s390x.manylinux2014_s390x.whl", hash = "sha256:20de4a8b04de70c49698dc2390b7fd2d18d424d3b876371f9b775e2b462d4b41"},
    {file = "yarl-1.18.0-cp310-cp310-manylinux_2_17_x86_64.manylinux2014_x86_64.whl", hash = "sha256:b0a2074a37285570d54b55820687de3d2f2b9ecf1b714e482e48c9e7c0402038"},
    {file = "yarl-1.18.0-cp310-cp310-manylinux_2_5_i686.manylinux1_i686.manylinux_2_17_i686.manylinux2014_i686.whl", hash = "sha256:3f576ed278860df2721a5d57da3381040176ef1d07def9688a385c8330db61a1"},
    {file = "yarl-1.18.0-cp310-cp310-musllinux_1_2_aarch64.whl", hash = "sha256:3a3709450a574d61be6ac53d582496014342ea34876af8dc17cc16da32826c9a"},
    {file = "yarl-1.18.0-cp310-cp310-musllinux_1_2_armv7l.whl", hash = "sha256:bd80ed29761490c622edde5dd70537ca8c992c2952eb62ed46984f8eff66d6e8"},
    {file = "yarl-1.18.0-cp310-cp310-musllinux_1_2_i686.whl", hash = "sha256:32141e13a1d5a48525e519c9197d3f4d9744d818d5c7d6547524cc9eccc8971e"},
    {file = "yarl-1.18.0-cp310-cp310-musllinux_1_2_ppc64le.whl", hash = "sha256:8b8d3e4e014fb4274f1c5bf61511d2199e263909fb0b8bda2a7428b0894e8dc6"},
    {file = "yarl-1.18.0-cp310-cp310-musllinux_1_2_s390x.whl", hash = "sha256:701bb4a8f4de191c8c0cc9a1e6d5142f4df880e9d1210e333b829ca9425570ed"},
    {file = "yarl-1.18.0-cp310-cp310-musllinux_1_2_x86_64.whl", hash = "sha256:a45d94075ac0647621eaaf693c8751813a3eccac455d423f473ffed38c8ac5c9"},
    {file = "yarl-1.18.0-cp310-cp310-win32.whl", hash = "sha256:34176bfb082add67cb2a20abd85854165540891147f88b687a5ed0dc225750a0"},
    {file = "yarl-1.18.0-cp310-cp310-win_amd64.whl", hash = "sha256:73553bbeea7d6ec88c08ad8027f4e992798f0abc459361bf06641c71972794dc"},
    {file = "yarl-1.18.0-py3-none-any.whl", hash = "sha256:dbf53db46f7cf176ee01d8d98c39381440776fcda13779d269a8ba664f69bec0"},
    {file = "yarl-1.18.0.tar.gz", hash = "sha256:20d95535e7d833889982bfe7cc321b7f63bf8879788fee982c76ae2b24cfb715"},
]
